Microsoft Visual Studio Solution File, Format Version 12.00
# Visual Studio 2012
Project("{FAE04EC0-301F-11D3-BF4B-00C04F79EFBC}") = "NewPlatformerGame", "NewPlatformerGame.csproj", "{155007E6-625A-4F01-8CC7-C822EC6884DD}"
EndProject
Global
	GlobalSection(SolutionConfigurationPlatforms) = preSolution
	Debug|Any CPU = Debug|Any CPU
	ExportDebug|Any CPU = ExportDebug|Any CPU
	ExportRelease|Any CPU = ExportRelease|Any CPU
	EndGlobalSection
	GlobalSection(ProjectConfigurationPlatforms) = postSolution
		{155007E6-625A-4F01-8CC7-C822EC6884DD}.Debug|Any CPU.ActiveCfg = Debug|Any CPU
		{155007E6-625A-4F01-8CC7-C822EC6884DD}.Debug|Any CPU.Build.0 = Debug|Any CPU
		{155007E6-625A-4F01-8CC7-C822EC6884DD}.ExportDebug|Any CPU.ActiveCfg = ExportDebug|Any CPU
		{155007E6-625A-4F01-8CC7-C822EC6884DD}.ExportDebug|Any CPU.Build.0 = ExportDebug|Any CPU
		{155007E6-625A-4F01-8CC7-C822EC6884DD}.ExportRelease|Any CPU.ActiveCfg = ExportRelease|Any CPU
		{155007E6-625A-4F01-8CC7-C822EC6884DD}.ExportRelease|Any CPU.Build.0 = ExportRelease|Any CPU
	EndGlobalSection
EndGlobal
